Microsoft Visual Studio Solution File, Format Version 12.00
# Visual Studio Version 17
VisualStudioVersion = 17.5.2.0
MinimumVisualStudioVersion = 10.0.40219.1
Project("{FAE04EC0-301F-11D3-BF4B-00C04F79EFBC}") = "KeyforgeDota", "KeyforgeDota.csproj", "{736F143F-06A6-25A1-3663-427EF743813F}"
EndProject
Global
	GlobalSection(SolutionConfigurationPlatforms) = preSolution
		Debug|Any CPU = Debug|Any CPU
		Release|Any CPU = Release|Any CPU
	EndGlobalSection
	GlobalSection(ProjectConfigurationPlatforms) = postSolution
		{736F143F-06A6-25A1-3663-427EF743813F}.Debug|Any CPU.ActiveCfg = Debug|Any CPU
		{736F143F-06A6-25A1-3663-427EF743813F}.Debug|Any CPU.Build.0 = Debug|Any CPU
		{736F143F-06A6-25A1-3663-427EF743813F}.Release|Any CPU.ActiveCfg = Release|Any CPU
		{736F143F-06A6-25A1-3663-427EF743813F}.Release|Any CPU.Build.0 = Release|Any CPU
	EndGlobalSection
	GlobalSection(SolutionProperties) = preSolution
		HideSolutionNode = FALSE
	EndGlobalSection
	GlobalSection(ExtensibilityGlobals) = postSolution
		SolutionGuid = {C322E6D5-80FF-4BF3-95FC-EB8FD393FF0B}
	EndGlobalSection
EndGlobal
